dependencies:
  espressif/zlib:
    component_hash: 
      d901723af51f13fc8e5824f39f32239c847956e8fd951a05266588dc5cfbb9ae
    dependencies:
    - name: idf
      require: private
      version: '>=4.4'
    source:
      registry_url: https://components.espressif.com/
      type: service
    version: 1.3.1
  idf:
    source:
      type: idf
    version: 5.1.6
direct_dependencies:
- espressif/zlib
- idf
manifest_hash: 2f0b66dbb85a50adc3a11060f7e5fbd3b793495f9be963bfb1fd35580274858d
target: esp32c3
version: 2.0.0
